
Microsoft Visual Studio Solution File, Format Version 12.00
# Visual Studio Version 17
VisualStudioVersion = 17.8.34330.188
MinimumVisualStudioVersion = 10.0.40219.1
Project("{FAE04EC0-301F-11D3-BF4B-00C04F79EFBC}") = "Timeboxer", "Timeboxer\Timeboxer.csproj", "{E45177FC-3ABE-4E6F-9C7A-85E9DD00D1E9}"
EndProject
Project("{2150E333-8FDC-42A3-9474-1A3956D46DE8}") = "Solution Items", "Solution Items", "{2C72C28D-25A4-4FA5-9A5E-0339DAAE0522}"
	ProjectSection(SolutionItems) = preProject
		DEVLOG.md = DEVLOG.md
		package_release.ps1 = package_release.ps1
		README.md = README.md
	EndProjectSection
EndProject
Global
	GlobalSection(SolutionConfigurationPlatforms) = preSolution
		Debug|Any CPU = Debug|Any CPU
		Release|Any CPU = Release|Any CPU
	EndGlobalSection
	GlobalSection(ProjectConfigurationPlatforms) = postSolution
		{E45177FC-3ABE-4E6F-9C7A-85E9DD00D1E9}.Debug|Any CPU.ActiveCfg = Debug|Any CPU
		{E45177FC-3ABE-4E6F-9C7A-85E9DD00D1E9}.Debug|Any CPU.Build.0 = Debug|Any CPU
		{E45177FC-3ABE-4E6F-9C7A-85E9DD00D1E9}.Release|Any CPU.ActiveCfg = Release|Any CPU
		{E45177FC-3ABE-4E6F-9C7A-85E9DD00D1E9}.Release|Any CPU.Build.0 = Release|Any CPU
	EndGlobalSection
	GlobalSection(SolutionProperties) = preSolution
		HideSolutionNode = FALSE
	EndGlobalSection
	GlobalSection(ExtensibilityGlobals) = postSolution
		SolutionGuid = {C97CB34B-3D51-49CB-A9DA-B1BE279EFB08}
	EndGlobalSection
EndGlobal
